// !$*UTF8*$!
{
	archiveVersion = 1;
	classes = {
	};
	objectVersion = 55;
	objects = {

/* Begin PBXBuildFile section */
		B79BAB0E2736962900C3FAD3 /* AppDelegate.swift in Sources */ = {isa = PBXBuildFile; fileRef = B79BAB0D2736962900C3FAD3 /* AppDelegate.swift */; };
		B79BAB102736962900C3FAD3 /* SceneDelegate.swift in Sources */ = {isa = PBXBuildFile; fileRef = B79BAB0F2736962900C3FAD3 /* SceneDelegate.swift */; };
		B79BAB122736962900C3FAD3 /* ViewController.swift in Sources */ = {isa = PBXBuildFile; fileRef = B79BAB112736962900C3FAD3 /* ViewController.swift */; };
		B79BAB152736962900C3FAD3 /* Main.storyboard in Resources */ = {isa = PBXBuildFile; fileRef = B79BAB132736962900C3FAD3 /* Main.storyboard */; };
		B79BAB172736962D00C3FAD3 /* Assets.xcassets in Resources */ = {isa = PBXBuildFile; fileRef = B79BAB162736962D00C3FAD3 /* Assets.xcassets */; };
		B79BAB1A2736962D00C3FAD3 /* LaunchScreen.storyboard in Resources */ = {isa = PBXBuildFile; fileRef = B79BAB182736962D00C3FAD3 /* LaunchScreen.storyboard */; };
		B79BAB232736984100C3FAD3 /* MainViewController.swift in Sources */ = {isa = PBXBuildFile; fileRef = B79BAB222736984100C3FAD3 /* MainViewController.swift */; };
		B79BAB252736987500C3FAD3 /* DataManager.swift in Sources */ = {isa = PBXBuildFile; fileRef = B79BAB242736987500C3FAD3 /* DataManager.swift */; };
		B79BAB28273698D300C3FAD3 /* APIClient.swift in Sources */ = {isa = PBXBuildFile; fileRef = B79BAB27273698D300C3FAD3 /* APIClient.swift */; };
		B79BAB2A2736996D00C3FAD3 /* Constants.swift in Sources */ = {isa = PBXBuildFile; fileRef = B79BAB292736996D00C3FAD3 /* Constants.swift */; };
		B79BAB2C27369AFC00C3FAD3 /* Entity.swift in Sources */ = {isa = PBXBuildFile; fileRef = B79BAB2B27369AFC00C3FAD3 /* Entity.swift */; };
		B79BAB2F2736A05400C3FAD3 /* MainPresenter.swift in Sources */ = {isa = PBXBuildFile; fileRef = B79BAB2E2736A05400C3FAD3 /* MainPresenter.swift */; };
		B79BAB312736A06900C3FAD3 /* MainInteractor.swift in Sources */ = {isa = PBXBuildFile; fileRef = B79BAB302736A06900C3FAD3 /* MainInteractor.swift */; };
		B79BAB332736A2CB00C3FAD3 /* MainRouter.swift in Sources */ = {isa = PBXBuildFile; fileRef = B79BAB322736A2CB00C3FAD3 /* MainRouter.swift */; };
		B79BAB362736A76200C3FAD3 /* FoodCell.swift in Sources */ = {isa = PBXBuildFile; fileRef = B79BAB352736A76200C3FAD3 /* FoodCell.swift */; };
		B79BAB3A2736A8DE00C3FAD3 /* FoodCell.xib in Resources */ = {isa = PBXBuildFile; fileRef = B79BAB392736A8DE00C3FAD3 /* FoodCell.xib */; };
		B79BAB3C2736AD6300C3FAD3 /* MainViewController.xib in Resources */ = {isa = PBXBuildFile; fileRef = B79BAB3B2736AD6300C3FAD3 /* MainViewController.xib */; };
		D8CBD8960A4596E43E7197F1 /* Pods_FoodLover.framework in Frameworks */ = {isa = PBXBuildFile; fileRef = 8C93ED9B7C0E6BC82BDC87E5 /* Pods_FoodLover.framework */; };
/* End PBXBuildFile section */

/* Begin PBXFileReference section */
		5E19027761F47F838A78B607 /* Pods-FoodLover.debug.xcconfig */ = {isa = PBXFileReference; includeInIndex = 1; lastKnownFileType = text.xcconfig; name = "Pods-FoodLover.debug.xcconfig"; path = "Target Support Files/Pods-FoodLover/Pods-FoodLover.debug.xcconfig"; sourceTree = "<group>"; };
		8C93ED9B7C0E6BC82BDC87E5 /* Pods_FoodLover.framework */ = {isa = PBXFileReference; explicitFileType = wrapper.framework; includeInIndex = 0; path = Pods_FoodLover.framework; sourceTree = BUILT_PRODUCTS_DIR; };
		B79BAB0A2736962900C3FAD3 /* FoodLover.app */ = {isa = PBXFileReference; explicitFileType = wrapper.application; includeInIndex = 0; path = FoodLover.app; sourceTree = BUILT_PRODUCTS_DIR; };
		B79BAB0D2736962900C3FAD3 /* AppDelegate.swift */ = {isa = PBXFileReference; lastKnownFileType = sourcecode.swift; path = AppDelegate.swift; sourceTree = "<group>"; };
		B79BAB0F2736962900C3FAD3 /* SceneDelegate.swift */ = {isa = PBXFileReference; lastKnownFileType = sourcecode.swift; path = SceneDelegate.swift; sourceTree = "<group>"; };
		B79BAB112736962900C3FAD3 /* ViewController.swift */ = {isa = PBXFileReference; lastKnownFileType = sourcecode.swift; path = ViewController.swift; sourceTree = "<group>"; };
		B79BAB142736962900C3FAD3 /* Base */ = {isa = PBXFileReference; lastKnownFileType = file.storyboard; name = Base; path = Base.lproj/Main.storyboard; sourceTree = "<group>"; };
		B79BAB162736962D00C3FAD3 /* Assets.xcassets */ = {isa = PBXFileReference; lastKnownFileType = folder.assetcatalog; path = Assets.xcassets; sourceTree = "<group>"; };
		B79BAB192736962D00C3FAD3 /* Base */ = {isa = PBXFileReference; lastKnownFileType = file.storyboard; name = Base; path = Base.lproj/LaunchScreen.storyboard; sourceTree = "<group>"; };
		B79BAB1B2736962D00C3FAD3 /* Info.plist */ = {isa = PBXFileReference; lastKnownFileType = text.plist.xml; path = Info.plist; sourceTree = "<group>"; };
		B79BAB222736984100C3FAD3 /* MainViewController.swift */ = {isa = PBXFileReference; lastKnownFileType = sourcecode.swift; path = MainViewController.swift; sourceTree = "<group>"; };
		B79BAB242736987500C3FAD3 /* DataManager.swift */ = {isa = PBXFileReference; lastKnownFileType = sourcecode.swift; path = DataManager.swift; sourceTree = "<group>"; };
		B79BAB27273698D300C3FAD3 /* APIClient.swift */ = {isa = PBXFileReference; lastKnownFileType = sourcecode.swift; path = APIClient.swift; sourceTree = "<group>"; };
		B79BAB292736996D00C3FAD3 /* Constants.swift */ = {isa = PBXFileReference; lastKnownFileType = sourcecode.swift; path = Constants.swift; sourceTree = "<group>"; };
		B79BAB2B27369AFC00C3FAD3 /* Entity.swift */ = {isa = PBXFileReference; lastKnownFileType = sourcecode.swift; path = Entity.swift; sourceTree = "<group>"; };
		B79BAB2E2736A05400C3FAD3 /* MainPresenter.swift */ = {isa = PBXFileReference; lastKnownFileType = sourcecode.swift; path = MainPresenter.swift; sourceTree = "<group>"; };
		B79BAB302736A06900C3FAD3 /* MainInteractor.swift */ = {isa = PBXFileReference; lastKnownFileType = sourcecode.swift; path = MainInteractor.swift; sourceTree = "<group>"; };
		B79BAB322736A2CB00C3FAD3 /* MainRouter.swift */ = {isa = PBXFileReference; lastKnownFileType = sourcecode.swift; path = MainRouter.swift; sourceTree = "<group>"; };
		B79BAB352736A76200C3FAD3 /* FoodCell.swift */ = {isa = PBXFileReference; lastKnownFileType = sourcecode.swift; path = FoodCell.swift; sourceTree = "<group>"; };
		B79BAB392736A8DE00C3FAD3 /* FoodCell.xib */ = {isa = PBXFileReference; lastKnownFileType = file.xib; path = FoodCell.xib; sourceTree = "<group>"; };
		B79BAB3B2736AD6300C3FAD3 /* MainViewController.xib */ = {isa = PBXFileReference; lastKnownFileType = file.xib; path = MainViewController.xib; sourceTree = "<group>"; };
		CE2DA90C8E8497AB1C6F4BE4 /* Pods-FoodLover.release.xcconfig */ = {isa = PBXFileReference; includeInIndex = 1; lastKnownFileType = text.xcconfig; name = "Pods-FoodLover.release.xcconfig"; path = "Target Support Files/Pods-FoodLover/Pods-FoodLover.release.xcconfig"; sourceTree = "<group>"; };
/* End PBXFileReference section */

/* Begin PBXFrameworksBuildPhase section */
		B79BAB072736962900C3FAD3 /* Frameworks */ = {
			isa = PBXFrameworksBuildPhase;
			buildActionMask = 2147483647;
			files = (
				D8CBD8960A4596E43E7197F1 /* Pods_FoodLover.framework in Frameworks */,
			);
			runOnlyForDeploymentPostprocessing = 0;
		};
/* End PBXFrameworksBuildPhase section */

/* Begin PBXGroup section */
		06205D8B56FCBCE3041E5461 /* Pods */ = {
			isa = PBXGroup;
			children = (
				5E19027761F47F838A78B607 /* Pods-FoodLover.debug.xcconfig */,
				CE2DA90C8E8497AB1C6F4BE4 /* Pods-FoodLover.release.xcconfig */,
			);
			name = Pods;
			path = Pods;
			sourceTree = "<group>";
		};
		A04F71A12C58E6CD0DD70F8B /* Frameworks */ = {
			isa = PBXGroup;
			children = (
				8C93ED9B7C0E6BC82BDC87E5 /* Pods_FoodLover.framework */,
			);
			name = Frameworks;
			sourceTree = "<group>";
		};
		B79BAB012736962900C3FAD3 = {
			isa = PBXGroup;
			children = (
				B79BAB0C2736962900C3FAD3 /* FoodLover */,
				B79BAB0B2736962900C3FAD3 /* Products */,
				06205D8B56FCBCE3041E5461 /* Pods */,
				A04F71A12C58E6CD0DD70F8B /* Frameworks */,
			);
			sourceTree = "<group>";
		};
		B79BAB0B2736962900C3FAD3 /* Products */ = {
			isa = PBXGroup;
			children = (
				B79BAB0A2736962900C3FAD3 /* FoodLover.app */,
			);
			name = Products;
			sourceTree = "<group>";
		};
		B79BAB0C2736962900C3FAD3 /* FoodLover */ = {
			isa = PBXGroup;
			children = (
				B79BAB212736983200C3FAD3 /* Home */,
				B79BAB0D2736962900C3FAD3 /* AppDelegate.swift */,
				B79BAB0F2736962900C3FAD3 /* SceneDelegate.swift */,
				B79BAB112736962900C3FAD3 /* ViewController.swift */,
				B79BAB132736962900C3FAD3 /* Main.storyboard */,
				B79BAB162736962D00C3FAD3 /* Assets.xcassets */,
				B79BAB182736962D00C3FAD3 /* LaunchScreen.storyboard */,
				B79BAB1B2736962D00C3FAD3 /* Info.plist */,
				B79BAB27273698D300C3FAD3 /* APIClient.swift */,
				B79BAB292736996D00C3FAD3 /* Constants.swift */,
			);
			path = FoodLover;
			sourceTree = "<group>";
		};
		B79BAB212736983200C3FAD3 /* Home */ = {
			isa = PBXGroup;
			children = (
				B79BAB342736A74F00C3FAD3 /* View */,
				B79BAB2E2736A05400C3FAD3 /* MainPresenter.swift */,
				B79BAB302736A06900C3FAD3 /* MainInteractor.swift */,
				B79BAB242736987500C3FAD3 /* DataManager.swift */,
				B79BAB322736A2CB00C3FAD3 /* MainRouter.swift */,
				B79BAB2B27369AFC00C3FAD3 /* Entity.swift */,
			);
			path = Home;
			sourceTree = "<group>";
		};
		B79BAB342736A74F00C3FAD3 /* View */ = {
			isa = PBXGroup;
			children = (
				B79BAB222736984100C3FAD3 /* MainViewController.swift */,
				B79BAB3B2736AD6300C3FAD3 /* MainViewController.xib */,
				B79BAB352736A76200C3FAD3 /* FoodCell.swift */,
				B79BAB392736A8DE00C3FAD3 /* FoodCell.xib */,
			);
			path = View;
			sourceTree = "<group>";
		};
/* End PBXGroup section */

/* Begin PBXNativeTarget section */
		B79BAB092736962900C3FAD3 /* FoodLover */ = {
			isa = PBXNativeTarget;
			buildConfigurationList = B79BAB1E2736962D00C3FAD3 /* Build configuration list for PBXNativeTarget "FoodLover" */;
			buildPhases = (
				5E889F37CC522537DA9DA4F8 /* [CP] Check Pods Manifest.lock */,
				B79BAB062736962900C3FAD3 /* Sources */,
				B79BAB072736962900C3FAD3 /* Frameworks */,
				B79BAB082736962900C3FAD3 /* Resources */,
				1B2DA368E5B3CD1C0BF5D43A /* [CP] Embed Pods Frameworks */,
			);
			buildRules = (
			);
			dependencies = (
			);
			name = FoodLover;
			productName = FoodLover;
			productReference = B79BAB0A2736962900C3FAD3 /* FoodLover.app */;
			productType = "com.apple.product-type.application";
		};
/* End PBXNativeTarget section */

/* Begin PBXProject section */
		B79BAB022736962900C3FAD3 /* Project object */ = {
			isa = PBXProject;
			attributes = {
				BuildIndependentTargetsInParallel = 1;
				LastSwiftUpdateCheck = 1300;
				LastUpgradeCheck = 1300;
				TargetAttributes = {
					B79BAB092736962900C3FAD3 = {
						CreatedOnToolsVersion = 13.0;
					};
				};
			};
			buildConfigurationList = B79BAB052736962900C3FAD3 /* Build configuration list for PBXProject "FoodLover" */;
			compatibilityVersion = "Xcode 13.0";
			developmentRegion = en;
			hasScannedForEncodings = 0;
			knownRegions = (
				en,
				Base,
			);
			mainGroup = B79BAB012736962900C3FAD3;
			productRefGroup = B79BAB0B2736962900C3FAD3 /* Products */;
			projectDirPath = "";
			projectRoot = "";
			targets = (
				B79BAB092736962900C3FAD3 /* FoodLover */,
			);
		};
/* End PBXProject section */

/* Begin PBXResourcesBuildPhase section */
		B79BAB082736962900C3FAD3 /* Resources */ = {
			isa = PBXResourcesBuildPhase;
			buildActionMask = 2147483647;
			files = (
				B79BAB1A2736962D00C3FAD3 /* LaunchScreen.storyboard in Resources */,
				B79BAB3A2736A8DE00C3FAD3 /* FoodCell.xib in Resources */,
				B79BAB3C2736AD6300C3FAD3 /* MainViewController.xib in Resources */,
				B79BAB172736962D00C3FAD3 /* Assets.xcassets in Resources */,
				B79BAB152736962900C3FAD3 /* Main.storyboard in Resources */,
			);
			runOnlyForDeploymentPostprocessing = 0;
		};
/* End PBXResourcesBuildPhase section */

/* Begin PBXShellScriptBuildPhase section */
		1B2DA368E5B3CD1C0BF5D43A /* [CP] Embed Pods Frameworks */ = {
			isa = PBXShellScriptBuildPhase;
			buildActionMask = 2147483647;
			files = (
			);
			inputFileListPaths = (
				"${PODS_ROOT}/Target Support Files/Pods-FoodLover/Pods-FoodLover-frameworks-${CONFIGURATION}-input-files.xcfilelist",
			);
			name = "[CP] Embed Pods Frameworks";
			outputFileListPaths = (
				"${PODS_ROOT}/Target Support Files/Pods-FoodLover/Pods-FoodLover-frameworks-${CONFIGURATION}-output-files.xcfilelist",
			);
			runOnlyForDeploymentPostprocessing = 0;
			shellPath = /bin/sh;
			shellScript = "\"${PODS_ROOT}/Target Support Files/Pods-FoodLover/Pods-FoodLover-frameworks.sh\"\n";
			showEnvVarsInLog = 0;
		};
		5E889F37CC522537DA9DA4F8 /* [CP] Check Pods Manifest.lock */ = {
			isa = PBXShellScriptBuildPhase;
			buildActionMask = 2147483647;
			files = (
			);
			inputFileListPaths = (
			);
			inputPaths = (
				"${PODS_PODFILE_DIR_PATH}/Podfile.lock",
				"${PODS_ROOT}/Manifest.lock",
			);
			name = "[CP] Check Pods Manifest.lock";
			outputFileListPaths = (
			);
			outputPaths = (
				"$(DERIVED_FILE_DIR)/Pods-FoodLover-checkManifestLockResult.txt",
			);
			runOnlyForDeploymentPostprocessing = 0;
			shellPath = /bin/sh;
			shellScript = "diff \"${PODS_PODFILE_DIR_PATH}/Podfile.lock\" \"${PODS_ROOT}/Manifest.lock\" > /dev/null\nif [ $? != 0 ] ; then\n    # print error to STDERR\n    echo \"error: The sandbox is not in sync with the Podfile.lock. Run 'pod install' or update your CocoaPods installation.\" >&2\n    exit 1\nfi\n# This output is used by Xcode 'outputs' to avoid re-running this script phase.\necho \"SUCCESS\" > \"${SCRIPT_OUTPUT_FILE_0}\"\n";
			showEnvVarsInLog = 0;
		};
/* End PBXShellScriptBuildPhase section */

/* Begin PBXSourcesBuildPhase section */
		B79BAB062736962900C3FAD3 /* Sources */ = {
			isa = PBXSourcesBuildPhase;
			buildActionMask = 2147483647;
			files = (
				B79BAB122736962900C3FAD3 /* ViewController.swift in Sources */,
				B79BAB362736A76200C3FAD3 /* FoodCell.swift in Sources */,
				B79BAB252736987500C3FAD3 /* DataManager.swift in Sources */,
				B79BAB0E2736962900C3FAD3 /* AppDelegate.swift in Sources */,
				B79BAB312736A06900C3FAD3 /* MainInteractor.swift in Sources */,
				B79BAB102736962900C3FAD3 /* SceneDelegate.swift in Sources */,
				B79BAB2F2736A05400C3FAD3 /* MainPresenter.swift in Sources */,
				B79BAB2C27369AFC00C3FAD3 /* Entity.swift in Sources */,
				B79BAB2A2736996D00C3FAD3 /* Constants.swift in Sources */,
				B79BAB232736984100C3FAD3 /* MainViewController.swift in Sources */,
				B79BAB332736A2CB00C3FAD3 /* MainRouter.swift in Sources */,
				B79BAB28273698D300C3FAD3 /* APIClient.swift in Sources */,
			);
			runOnlyForDeploymentPostprocessing = 0;
		};
/* End PBXSourcesBuildPhase section */

/* Begin PBXVariantGroup section */
		B79BAB132736962900C3FAD3 /* Main.storyboard */ = {
			isa = PBXVariantGroup;
			children = (
				B79BAB142736962900C3FAD3 /* Base */,
			);
			name = Main.storyboard;
			sourceTree = "<group>";
		};
		B79BAB182736962D00C3FAD3 /* LaunchScreen.storyboard */ = {
			isa = PBXVariantGroup;
			children = (
				B79BAB192736962D00C3FAD3 /* Base */,
			);
			name = LaunchScreen.storyboard;
			sourceTree = "<group>";
		};
/* End PBXVariantGroup section */

/* Begin XCBuildConfiguration section */
		B79BAB1C2736962D00C3FAD3 /* Debug */ = {
			isa = XCBuildConfiguration;
			buildSettings = {
				ALWAYS_SEARCH_USER_PATHS = NO;
				CLANG_ANALYZER_NONNULL = YES;
				CLANG_ANALYZER_NUMBER_OBJECT_CONVERSION = YES_AGGRESSIVE;
				CLANG_CXX_LANGUAGE_STANDARD = "gnu++17";
				CLANG_CXX_LIBRARY = "libc++";
				CLANG_ENABLE_MODULES = YES;
				CLANG_ENABLE_OBJC_ARC = YES;
				CLANG_ENABLE_OBJC_WEAK = YES;
				CLANG_WARN_BLOCK_CAPTURE_AUTORELEASING = YES;
				CLANG_WARN_BOOL_CONVERSION = YES;
				CLANG_WARN_COMMA = YES;
				CLANG_WARN_CONSTANT_CONVERSION = YES;
				CLANG_WARN_DEPRECATED_OBJC_IMPLEMENTATIONS = YES;
				CLANG_WARN_DIRECT_OBJC_ISA_USAGE = YES_ERROR;
				CLANG_WARN_DOCUMENTATION_COMMENTS = YES;
				CLANG_WARN_EMPTY_BODY = YES;
				CLANG_WARN_ENUM_CONVERSION = YES;
				CLANG_WARN_INFINITE_RECURSION = YES;
				CLANG_WARN_INT_CONVERSION = YES;
				CLANG_WARN_NON_LITERAL_NULL_CONVERSION = YES;
				CLANG_WARN_OBJC_IMPLICIT_RETAIN_SELF = YES;
				CLANG_WARN_OBJC_LITERAL_CONVERSION = YES;
				CLANG_WARN_OBJC_ROOT_CLASS = YES_ERROR;
				CLANG_WARN_QUOTED_INCLUDE_IN_FRAMEWORK_HEADER = YES;
				CLANG_WARN_RANGE_LOOP_ANALYSIS = YES;
				CLANG_WARN_STRICT_PROTOTYPES = YES;
				CLANG_WARN_SUSPICIOUS_MOVE = YES;
				CLANG_WARN_UNGUARDED_AVAILABILITY = YES_AGGRESSIVE;
				CLANG_WARN_UNREACHABLE_CODE = YES;
				CLANG_WARN__DUPLICATE_METHOD_MATCH = YES;
				COPY_PHASE_STRIP = NO;
				DEBUG_INFORMATION_FORMAT = dwarf;
				ENABLE_STRICT_OBJC_MSGSEND = YES;
				ENABLE_TESTABILITY = YES;
				GCC_C_LANGUAGE_STANDARD = gnu11;
				GCC_DYNAMIC_NO_PIC = NO;
				GCC_NO_COMMON_BLOCKS = YES;
				GCC_OPTIMIZATION_LEVEL = 0;
				GCC_PREPROCESSOR_DEFINITIONS = (
					"DEBUG=1",
					"$(inherited)",
				);
				GCC_WARN_64_TO_32_BIT_CONVERSION = YES;
				GCC_WARN_ABOUT_RETURN_TYPE = YES_ERROR;
				GCC_WARN_UNDECLARED_SELECTOR = YES;
				GCC_WARN_UNINITIALIZED_AUTOS = YES_AGGRESSIVE;
				GCC_WARN_UNUSED_FUNCTION = YES;
				GCC_WARN_UNUSED_VARIABLE = YES;
				IPHONEOS_DEPLOYMENT_TARGET = 15.0;
				MTL_ENABLE_DEBUG_INFO = INCLUDE_SOURCE;
				MTL_FAST_MATH = YES;
				ONLY_ACTIVE_ARCH = YES;
				SDKROOT = iphoneos;
				SWIFT_ACTIVE_COMPILATION_CONDITIONS = DEBUG;
				SWIFT_OPTIMIZATION_LEVEL = "-Onone";
			};
			name = Debug;
		};
		B79BAB1D2736962D00C3FAD3 /* Release */ = {
			isa = XCBuildConfiguration;
			buildSettings = {
				ALWAYS_SEARCH_USER_PATHS = NO;
				CLANG_ANALYZER_NONNULL = YES;
				CLANG_ANALYZER_NUMBER_OBJECT_CONVERSION = YES_AGGRESSIVE;
				CLANG_CXX_LANGUAGE_STANDARD = "gnu++17";
				CLANG_CXX_LIBRARY = "libc++";
				CLANG_ENABLE_MODULES = YES;
				CLANG_ENABLE_OBJC_ARC = YES;
				CLANG_ENABLE_OBJC_WEAK = YES;
				CLANG_WARN_BLOCK_CAPTURE_AUTORELEASING = YES;
				CLANG_WARN_BOOL_CONVERSION = YES;
				CLANG_WARN_COMMA = YES;
				CLANG_WARN_CONSTANT_CONVERSION = YES;
				CLANG_WARN_DEPRECATED_OBJC_IMPLEMENTATIONS = YES;
				CLANG_WARN_DIRECT_OBJC_ISA_USAGE = YES_ERROR;
				CLANG_WARN_DOCUMENTATION_COMMENTS = YES;
				CLANG_WARN_EMPTY_BODY = YES;
				CLANG_WARN_ENUM_CONVERSION = YES;
				CLANG_WARN_INFINITE_RECURSION = YES;
				CLANG_WARN_INT_CONVERSION = YES;
				CLANG_WARN_NON_LITERAL_NULL_CONVERSION = YES;
				CLANG_WARN_OBJC_IMPLICIT_RETAIN_SELF = YES;
				CLANG_WARN_OBJC_LITERAL_CONVERSION = YES;
				CLANG_WARN_OBJC_ROOT_CLASS = YES_ERROR;
				CLANG_WARN_QUOTED_INCLUDE_IN_FRAMEWORK_HEADER = YES;
				CLANG_WARN_RANGE_LOOP_ANALYSIS = YES;
				CLANG_WARN_STRICT_PROTOTYPES = YES;
				CLANG_WARN_SUSPICIOUS_MOVE = YES;
				CLANG_WARN_UNGUARDED_AVAILABILITY = YES_AGGRESSIVE;
				CLANG_WARN_UNREACHABLE_CODE = YES;
				CLANG_WARN__DUPLICATE_METHOD_MATCH = YES;
				COPY_PHASE_STRIP = NO;
				DEBUG_INFORMATION_FORMAT = "dwarf-with-dsym";
				ENABLE_NS_ASSERTIONS = NO;
				ENABLE_STRICT_OBJC_MSGSEND = YES;
				GCC_C_LANGUAGE_STANDARD = gnu11;
				GCC_NO_COMMON_BLOCKS = YES;
				GCC_WARN_64_TO_32_BIT_CONVERSION = YES;
				GCC_WARN_ABOUT_RETURN_TYPE = YES_ERROR;
				GCC_WARN_UNDECLARED_SELECTOR = YES;
				GCC_WARN_UNINITIALIZED_AUTOS = YES_AGGRESSIVE;
				GCC_WARN_UNUSED_FUNCTION = YES;
				GCC_WARN_UNUSED_VARIABLE = YES;
				IPHONEOS_DEPLOYMENT_TARGET = 15.0;
				MTL_ENABLE_DEBUG_INFO = NO;
				MTL_FAST_MATH = YES;
				SDKROOT = iphoneos;
				SWIFT_COMPILATION_MODE = wholemodule;
				SWIFT_OPTIMIZATION_LEVEL = "-O";
				VALIDATE_PRODUCT = YES;
			};
			name = Release;
		};
		B79BAB1F2736962D00C3FAD3 /* Debug */ = {
			isa = XCBuildConfiguration;
			baseConfigurationReference = 5E19027761F47F838A78B607 /* Pods-FoodLover.debug.xcconfig */;
			buildSettings = {
				ASSETCATALOG_COMPILER_APPICON_NAME = AppIcon;
				ASSETCATALOG_COMPILER_GLOBAL_ACCENT_COLOR_NAME = AccentColor;
				CODE_SIGN_STYLE = Automatic;
				CURRENT_PROJECT_VERSION = 1;
				DEVELOPMENT_TEAM = J8A3SH72B3;
				GENERATE_INFOPLIST_FILE = YES;
				INFOPLIST_FILE = FoodLover/Info.plist;
				INFOPLIST_KEY_UIApplicationSupportsIndirectInputEvents = YES;
				INFOPLIST_KEY_UILaunchStoryboardName = LaunchScreen;
				INFOPLIST_KEY_UIMainStoryboardFile = Main;
				INFOPLIST_KEY_UISupportedInterfaceOrientations_iPad = "UIInterfaceOrientationPortrait UIInterfaceOrientationPortraitUpsideDown UIInterfaceOrientationLandscapeLeft UIInterfaceOrientationLandscapeRight";
				INFOPLIST_KEY_UISupportedInterfaceOrientations_iPhone = "UIInterfaceOrientationPortrait UIInterfaceOrientationLandscapeLeft UIInterfaceOrientationLandscapeRight";
				LD_RUNPATH_SEARCH_PATHS = (
					"$(inherited)",
					"@executable_path/Frameworks",
				);
				MARKETING_VERSION = 1.0;
				PRODUCT_BUNDLE_IDENTIFIER = com.baloombaz.app.FoodLover;
				PRODUCT_NAME = "$(TARGET_NAME)";
				SWIFT_EMIT_LOC_STRINGS = YES;
				SWIFT_VERSION = 5.0;
				TARGETED_DEVICE_FAMILY = "1,2";
			};
			name = Debug;
		};
		B79BAB202736962D00C3FAD3 /* Release */ = {
			isa = XCBuildConfiguration;
			baseConfigurationReference = CE2DA90C8E8497AB1C6F4BE4 /* Pods-FoodLover.release.xcconfig */;
			buildSettings = {
				ASSETCATALOG_COMPILER_APPICON_NAME = AppIcon;
				ASSETCATALOG_COMPILER_GLOBAL_ACCENT_COLOR_NAME = AccentColor;
				CODE_SIGN_STYLE = Automatic;
				CURRENT_PROJECT_VERSION = 1;
				DEVELOPMENT_TEAM = J8A3SH72B3;
				GENERATE_INFOPLIST_FILE = YES;
				INFOPLIST_FILE = FoodLover/Info.plist;
				INFOPLIST_KEY_UIApplicationSupportsIndirectInputEvents = YES;
				INFOPLIST_KEY_UILaunchStoryboardName = LaunchScreen;
				INFOPLIST_KEY_UIMainStoryboardFile = Main;
				INFOPLIST_KEY_UISupportedInterfaceOrientations_iPad = "UIInterfaceOrientationPortrait UIInterfaceOrientationPortraitUpsideDown UIInterfaceOrientationLandscapeLeft UIInterfaceOrientationLandscapeRight";
				INFOPLIST_KEY_UISupportedInterfaceOrientations_iPhone = "UIInterfaceOrientationPortrait UIInterfaceOrientationLandscapeLeft UIInterfaceOrientationLandscapeRight";
				LD_RUNPATH_SEARCH_PATHS = (
					"$(inherited)",
					"@executable_path/Frameworks",
				);
				MARKETING_VERSION = 1.0;
				PRODUCT_BUNDLE_IDENTIFIER = com.baloombaz.app.FoodLover;
				PRODUCT_NAME = "$(TARGET_NAME)";
				SWIFT_EMIT_LOC_STRINGS = YES;
				SWIFT_VERSION = 5.0;
				TARGETED_DEVICE_FAMILY = "1,2";
			};
			name = Release;
		};
/* End XCBuildConfiguration section */

/* Begin XCConfigurationList section */
		B79BAB052736962900C3FAD3 /* Build configuration list for PBXProject "FoodLover" */ = {
			isa = XCConfigurationList;
			buildConfigurations = (
				B79BAB1C2736962D00C3FAD3 /* Debug */,
				B79BAB1D2736962D00C3FAD3 /* Release */,
			);
			defaultConfigurationIsVisible = 0;
			defaultConfigurationName = Release;
		};
		B79BAB1E2736962D00C3FAD3 /* Build configuration list for PBXNativeTarget "FoodLover" */ = {
			isa = XCConfigurationList;
			buildConfigurations = (
				B79BAB1F2736962D00C3FAD3 /* Debug */,
				B79BAB202736962D00C3FAD3 /* Release */,
			);
			defaultConfigurationIsVisible = 0;
			defaultConfigurationName = Release;
		};
/* End XCConfigurationList section */
	};
	rootObject = B79BAB022736962900C3FAD3 /* Project object */;
}
